
Microsoft Visual Studio Solution File, Format Version 12.00
# Visual Studio 15
VisualStudioVersion = 15.0.28307.1758
MinimumVisualStudioVersion = 10.0.40219.1
Project("{FAE04EC0-301F-11D3-BF4B-00C04F79EFBC}") = "Calculadora", "Calculadora\Calculadora.csproj", "{50E123A1-C682-4C59-B83D-DEF8CFDC28A4}"
EndProject
Project("{FAE04EC0-301F-11D3-BF4B-00C04F79EFBC}") = "UnitTestProject1", "UnitTestProject1\UnitTestProject1.csproj", "{AEAE02C0-A13C-4AE6-BDF4-30300CAE25FE}"
EndProject
Global
	GlobalSection(SolutionConfigurationPlatforms) = preSolution
		Debug|Any CPU = Debug|Any CPU
		Release|Any CPU = Release|Any CPU
	EndGlobalSection
	GlobalSection(ProjectConfigurationPlatforms) = postSolution
		{50E123A1-C682-4C59-B83D-DEF8CFDC28A4}.Debug|Any CPU.ActiveCfg = Debug|Any CPU
		{50E123A1-C682-4C59-B83D-DEF8CFDC28A4}.Debug|Any CPU.Build.0 = Debug|Any CPU
		{50E123A1-C682-4C59-B83D-DEF8CFDC28A4}.Release|Any CPU.ActiveCfg = Release|Any CPU
		{50E123A1-C682-4C59-B83D-DEF8CFDC28A4}.Release|Any CPU.Build.0 = Release|Any CPU
		{AEAE02C0-A13C-4AE6-BDF4-30300CAE25FE}.Debug|Any CPU.ActiveCfg = Debug|Any CPU
		{AEAE02C0-A13C-4AE6-BDF4-30300CAE25FE}.Debug|Any CPU.Build.0 = Debug|Any CPU
		{AEAE02C0-A13C-4AE6-BDF4-30300CAE25FE}.Release|Any CPU.ActiveCfg = Release|Any CPU
		{AEAE02C0-A13C-4AE6-BDF4-30300CAE25FE}.Release|Any CPU.Build.0 = Release|Any CPU
	EndGlobalSection
	GlobalSection(SolutionProperties) = preSolution
		HideSolutionNode = FALSE
	EndGlobalSection
	GlobalSection(ExtensibilityGlobals) = postSolution
		SolutionGuid = {8E1C9149-8C93-4B24-9906-09BAC870B999}
	EndGlobalSection
EndGlobal
